
Microsoft Visual Studio Solution File, Format Version 12.00
# Visual Studio 15
VisualStudioVersion = 15.0.26730.16
MinimumVisualStudioVersion = 10.0.40219.1
Project("{FAE04EC0-301F-11D3-BF4B-00C04F79EFBC}") = "ex3.Domain", "ex3.Domain\ex3.Domain.csproj", "{1765DD0B-054A-4062-8626-8E84A279A2C1}"
EndProject
Project("{FAE04EC0-301F-11D3-BF4B-00C04F79EFBC}") = "ex3.Data", "..\ex3.Data\ex3.Data.csproj", "{9531EEAA-BCD6-406D-967E-E988F3207126}"
EndProject
Global
	GlobalSection(SolutionConfigurationPlatforms) = preSolution
		Debug|Any CPU = Debug|Any CPU
		Release|Any CPU = Release|Any CPU
	EndGlobalSection
	GlobalSection(ProjectConfigurationPlatforms) = postSolution
		{1765DD0B-054A-4062-8626-8E84A279A2C1}.Debug|Any CPU.ActiveCfg = Debug|Any CPU
		{1765DD0B-054A-4062-8626-8E84A279A2C1}.Debug|Any CPU.Build.0 = Debug|Any CPU
		{1765DD0B-054A-4062-8626-8E84A279A2C1}.Release|Any CPU.ActiveCfg = Release|Any CPU
		{1765DD0B-054A-4062-8626-8E84A279A2C1}.Release|Any CPU.Build.0 = Release|Any CPU
		{9531EEAA-BCD6-406D-967E-E988F3207126}.Debug|Any CPU.ActiveCfg = Debug|Any CPU
		{9531EEAA-BCD6-406D-967E-E988F3207126}.Debug|Any CPU.Build.0 = Debug|Any CPU
		{9531EEAA-BCD6-406D-967E-E988F3207126}.Release|Any CPU.ActiveCfg = Release|Any CPU
		{9531EEAA-BCD6-406D-967E-E988F3207126}.Release|Any CPU.Build.0 = Release|Any CPU
	EndGlobalSection
	GlobalSection(SolutionProperties) = preSolution
		HideSolutionNode = FALSE
	EndGlobalSection
	GlobalSection(ExtensibilityGlobals) = postSolution
		SolutionGuid = {51AC3100-1299-4C8F-B386-19A6A38C2F83}
	EndGlobalSection
EndGlobal
